
Microsoft Visual Studio Solution File, Format Version 12.00
# Visual Studio 2012
Project("{FAE04EC0-301F-11D3-BF4B-00C04F79EFBC}") = "SuperCar", "SuperCar\SuperCar.csproj", "{E43839AF-8090-49E5-8CFB-2D5BCCDE1885}"
EndProject
Global
	GlobalSection(SolutionConfigurationPlatforms) = preSolution
		Debug|x86 = Debug|x86
		Release|x86 = Release|x86
	EndGlobalSection
	GlobalSection(ProjectConfigurationPlatforms) = postSolution
		{E43839AF-8090-49E5-8CFB-2D5BCCDE1885}.Debug|x86.ActiveCfg = Debug|x86
		{E43839AF-8090-49E5-8CFB-2D5BCCDE1885}.Debug|x86.Build.0 = Debug|x86
		{E43839AF-8090-49E5-8CFB-2D5BCCDE1885}.Release|x86.ActiveCfg = Release|x86
		{E43839AF-8090-49E5-8CFB-2D5BCCDE1885}.Release|x86.Build.0 = Release|x86
	EndGlobalSection
EndGlobal
